Microsoft Visual Studio Solution File, Format Version 12.00
# Visual Studio Version 17
VisualStudioVersion = 17.5.2.0
MinimumVisualStudioVersion = 10.0.40219.1
Project("{FAE04EC0-301F-11D3-BF4B-00C04F79EFBC}") = "LigaMXCore", "LigaMXCore.csproj", "{DD062D87-5EC5-8F62-358F-CDCE042FE1BA}"
EndProject
Global
	GlobalSection(SolutionConfigurationPlatforms) = preSolution
		Debug|Any CPU = Debug|Any CPU
		Release|Any CPU = Release|Any CPU
	EndGlobalSection
	GlobalSection(ProjectConfigurationPlatforms) = postSolution
		{DD062D87-5EC5-8F62-358F-CDCE042FE1BA}.Debug|Any CPU.ActiveCfg = Debug|Any CPU
		{DD062D87-5EC5-8F62-358F-CDCE042FE1BA}.Debug|Any CPU.Build.0 = Debug|Any CPU
		{DD062D87-5EC5-8F62-358F-CDCE042FE1BA}.Release|Any CPU.ActiveCfg = Release|Any CPU
		{DD062D87-5EC5-8F62-358F-CDCE042FE1BA}.Release|Any CPU.Build.0 = Release|Any CPU
	EndGlobalSection
	GlobalSection(SolutionProperties) = preSolution
		HideSolutionNode = FALSE
	EndGlobalSection
	GlobalSection(ExtensibilityGlobals) = postSolution
		SolutionGuid = {8E62DF05-C402-4315-80CE-6469701E8067}
	EndGlobalSection
EndGlobal
